// !$*UTF8*$!
{
	archiveVersion = 1;
	classes = {
	};
	objectVersion = 50;
	objects = {

/* Begin PBXBuildFile section */
		251C507B20E3E22400C066A0 /* AppDelegate.swift in Sources */ = {isa = PBXBuildFile; fileRef = 251C507A20E3E22400C066A0 /* AppDelegate.swift */; };
		251C507D20E3E22400C066A0 /* SearchViewController.swift in Sources */ = {isa = PBXBuildFile; fileRef = 251C507C20E3E22400C066A0 /* SearchViewController.swift */; };
		251C508020E3E22400C066A0 /* Main.storyboard in Resources */ = {isa = PBXBuildFile; fileRef = 251C507E20E3E22400C066A0 /* Main.storyboard */; };
		251C508220E3E22600C066A0 /* Assets.xcassets in Resources */ = {isa = PBXBuildFile; fileRef = 251C508120E3E22600C066A0 /* Assets.xcassets */; };
		251C508520E3E22600C066A0 /* LaunchScreen.storyboard in Resources */ = {isa = PBXBuildFile; fileRef = 251C508320E3E22600C066A0 /* LaunchScreen.storyboard */; };
		251C509020E3E22600C066A0 /* StoreSearchTests.swift in Sources */ = {isa = PBXBuildFile; fileRef = 251C508F20E3E22600C066A0 /* StoreSearchTests.swift */; };
		251C509B20E3E22600C066A0 /* StoreSearchUITests.swift in Sources */ = {isa = PBXBuildFile; fileRef = 251C509A20E3E22600C066A0 /* StoreSearchUITests.swift */; };
		251C50A920E40DDB00C066A0 /* SearchResult.swift in Sources */ = {isa = PBXBuildFile; fileRef = 251C50A820E40DDB00C066A0 /* SearchResult.swift */; };
		2546A9A620E520DD00057AB2 /* SearchResultCell.xib in Resources */ = {isa = PBXBuildFile; fileRef = 2546A9A520E520DD00057AB2 /* SearchResultCell.xib */; };
		2546A9AA20E5254100057AB2 /* SearchResultCell.swift in Sources */ = {isa = PBXBuildFile; fileRef = 2546A9A920E5254100057AB2 /* SearchResultCell.swift */; };
/* End PBXBuildFile section */

/* Begin PBXContainerItemProxy section */
		251C508C20E3E22600C066A0 /* PBXContainerItemProxy */ = {
			isa = PBXContainerItemProxy;
			containerPortal = 251C506F20E3E22400C066A0 /* Project object */;
			proxyType = 1;
			remoteGlobalIDString = 251C507620E3E22400C066A0;
			remoteInfo = StoreSearch;
		};
		251C509720E3E22600C066A0 /* PBXContainerItemProxy */ = {
			isa = PBXContainerItemProxy;
			containerPortal = 251C506F20E3E22400C066A0 /* Project object */;
			proxyType = 1;
			remoteGlobalIDString = 251C507620E3E22400C066A0;
			remoteInfo = StoreSearch;
		};
/* End PBXContainerItemProxy section */

/* Begin PBXFileReference section */
		251C507720E3E22400C066A0 /* StoreSearch.app */ = {isa = PBXFileReference; explicitFileType = wrapper.application; includeInIndex = 0; path = StoreSearch.app; sourceTree = BUILT_PRODUCTS_DIR; };
		251C507A20E3E22400C066A0 /* AppDelegate.swift */ = {isa = PBXFileReference; lastKnownFileType = sourcecode.swift; path = AppDelegate.swift; sourceTree = "<group>"; };
		251C507C20E3E22400C066A0 /* SearchViewController.swift */ = {isa = PBXFileReference; lastKnownFileType = sourcecode.swift; path = SearchViewController.swift; sourceTree = "<group>"; };
		251C507F20E3E22400C066A0 /* Base */ = {isa = PBXFileReference; lastKnownFileType = file.storyboard; name = Base; path = Base.lproj/Main.storyboard; sourceTree = "<group>"; };
		251C508120E3E22600C066A0 /* Assets.xcassets */ = {isa = PBXFileReference; lastKnownFileType = folder.assetcatalog; path = Assets.xcassets; sourceTree = "<group>"; };
		251C508420E3E22600C066A0 /* Base */ = {isa = PBXFileReference; lastKnownFileType = file.storyboard; name = Base; path = Base.lproj/LaunchScreen.storyboard; sourceTree = "<group>"; };
		251C508620E3E22600C066A0 /* Info.plist */ = {isa = PBXFileReference; lastKnownFileType = text.plist.xml; path = Info.plist; sourceTree = "<group>"; };
		251C508B20E3E22600C066A0 /* StoreSearchTests.xctest */ = {isa = PBXFileReference; explicitFileType = wrapper.cfbundle; includeInIndex = 0; path = StoreSearchTests.xctest; sourceTree = BUILT_PRODUCTS_DIR; };
		251C508F20E3E22600C066A0 /* StoreSearchTests.swift */ = {isa = PBXFileReference; lastKnownFileType = sourcecode.swift; path = StoreSearchTests.swift; sourceTree = "<group>"; };
		251C509120E3E22600C066A0 /* Info.plist */ = {isa = PBXFileReference; lastKnownFileType = text.plist.xml; path = Info.plist; sourceTree = "<group>"; };
		251C509620E3E22600C066A0 /* StoreSearchUITests.xctest */ = {isa = PBXFileReference; explicitFileType = wrapper.cfbundle; includeInIndex = 0; path = StoreSearchUITests.xctest; sourceTree = BUILT_PRODUCTS_DIR; };
		251C509A20E3E22600C066A0 /* StoreSearchUITests.swift */ = {isa = PBXFileReference; lastKnownFileType = sourcecode.swift; path = StoreSearchUITests.swift; sourceTree = "<group>"; };
		251C509C20E3E22600C066A0 /* Info.plist */ = {isa = PBXFileReference; lastKnownFileType = text.plist.xml; path = Info.plist; sourceTree = "<group>"; };
		251C50A820E40DDB00C066A0 /* SearchResult.swift */ = {isa = PBXFileReference; lastKnownFileType = sourcecode.swift; path = SearchResult.swift; sourceTree = "<group>"; };
		2546A9A520E520DD00057AB2 /* SearchResultCell.xib */ = {isa = PBXFileReference; lastKnownFileType = file.xib; path = SearchResultCell.xib; sourceTree = "<group>"; };
		2546A9A920E5254100057AB2 /* SearchResultCell.swift */ = {isa = PBXFileReference; lastKnownFileType = sourcecode.swift; name = SearchResultCell.swift; path = ../SearchResultCell.swift; sourceTree = "<group>"; };
/* End PBXFileReference section */

/* Begin PBXFrameworksBuildPhase section */
		251C507420E3E22400C066A0 /* Frameworks */ = {
			isa = PBXFrameworksBuildPhase;
			buildActionMask = 2147483647;
			files = (
			);
			runOnlyForDeploymentPostprocessing = 0;
		};
		251C508820E3E22600C066A0 /* Frameworks */ = {
			isa = PBXFrameworksBuildPhase;
			buildActionMask = 2147483647;
			files = (
			);
			runOnlyForDeploymentPostprocessing = 0;
		};
		251C509320E3E22600C066A0 /* Frameworks */ = {
			isa = PBXFrameworksBuildPhase;
			buildActionMask = 2147483647;
			files = (
			);
			runOnlyForDeploymentPostprocessing = 0;
		};
/* End PBXFrameworksBuildPhase section */

/* Begin PBXGroup section */
		251C506E20E3E22400C066A0 = {
			isa = PBXGroup;
			children = (
				251C507920E3E22400C066A0 /* StoreSearch */,
				251C508E20E3E22600C066A0 /* StoreSearchTests */,
				251C509920E3E22600C066A0 /* StoreSearchUITests */,
				251C507820E3E22400C066A0 /* Products */,
			);
			sourceTree = "<group>";
		};
		251C507820E3E22400C066A0 /* Products */ = {
			isa = PBXGroup;
			children = (
				251C507720E3E22400C066A0 /* StoreSearch.app */,
				251C508B20E3E22600C066A0 /* StoreSearchTests.xctest */,
				251C509620E3E22600C066A0 /* StoreSearchUITests.xctest */,
			);
			name = Products;
			sourceTree = "<group>";
		};
		251C507920E3E22400C066A0 /* StoreSearch */ = {
			isa = PBXGroup;
			children = (
				2546A9A920E5254100057AB2 /* SearchResultCell.swift */,
				2546A9A520E520DD00057AB2 /* SearchResultCell.xib */,
				251C507A20E3E22400C066A0 /* AppDelegate.swift */,
				251C507C20E3E22400C066A0 /* SearchViewController.swift */,
				251C50A820E40DDB00C066A0 /* SearchResult.swift */,
				251C507E20E3E22400C066A0 /* Main.storyboard */,
				251C508120E3E22600C066A0 /* Assets.xcassets */,
				251C508320E3E22600C066A0 /* LaunchScreen.storyboard */,
				251C508620E3E22600C066A0 /* Info.plist */,
			);
			path = StoreSearch;
			sourceTree = "<group>";
		};
		251C508E20E3E22600C066A0 /* StoreSearchTests */ = {
			isa = PBXGroup;
			children = (
				251C508F20E3E22600C066A0 /* StoreSearchTests.swift */,
				251C509120E3E22600C066A0 /* Info.plist */,
			);
			path = StoreSearchTests;
			sourceTree = "<group>";
		};
		251C509920E3E22600C066A0 /* StoreSearchUITests */ = {
			isa = PBXGroup;
			children = (
				251C509A20E3E22600C066A0 /* StoreSearchUITests.swift */,
				251C509C20E3E22600C066A0 /* Info.plist */,
			);
			path = StoreSearchUITests;
			sourceTree = "<group>";
		};
/* End PBXGroup section */

/* Begin PBXNativeTarget section */
		251C507620E3E22400C066A0 /* StoreSearch */ = {
			isa = PBXNativeTarget;
			buildConfigurationList = 251C509F20E3E22600C066A0 /* Build configuration list for PBXNativeTarget "StoreSearch" */;
			buildPhases = (
				251C507320E3E22400C066A0 /* Sources */,
				251C507420E3E22400C066A0 /* Frameworks */,
				251C507520E3E22400C066A0 /* Resources */,
			);
			buildRules = (
			);
			dependencies = (
			);
			name = StoreSearch;
			productName = StoreSearch;
			productReference = 251C507720E3E22400C066A0 /* StoreSearch.app */;
			productType = "com.apple.product-type.application";
		};
		251C508A20E3E22600C066A0 /* StoreSearchTests */ = {
			isa = PBXNativeTarget;
			buildConfigurationList = 251C50A220E3E22600C066A0 /* Build configuration list for PBXNativeTarget "StoreSearchTests" */;
			buildPhases = (
				251C508720E3E22600C066A0 /* Sources */,
				251C508820E3E22600C066A0 /* Frameworks */,
				251C508920E3E22600C066A0 /* Resources */,
			);
			buildRules = (
			);
			dependencies = (
				251C508D20E3E22600C066A0 /* PBXTargetDependency */,
			);
			name = StoreSearchTests;
			productName = StoreSearchTests;
			productReference = 251C508B20E3E22600C066A0 /* StoreSearchTests.xctest */;
			productType = "com.apple.product-type.bundle.unit-test";
		};
		251C509520E3E22600C066A0 /* StoreSearchUITests */ = {
			isa = PBXNativeTarget;
			buildConfigurationList = 251C50A520E3E22600C066A0 /* Build configuration list for PBXNativeTarget "StoreSearchUITests" */;
			buildPhases = (
				251C509220E3E22600C066A0 /* Sources */,
				251C509320E3E22600C066A0 /* Frameworks */,
				251C509420E3E22600C066A0 /* Resources */,
			);
			buildRules = (
			);
			dependencies = (
				251C509820E3E22600C066A0 /* PBXTargetDependency */,
			);
			name = StoreSearchUITests;
			productName = StoreSearchUITests;
			productReference = 251C509620E3E22600C066A0 /* StoreSearchUITests.xctest */;
			productType = "com.apple.product-type.bundle.ui-testing";
		};
/* End PBXNativeTarget section */

/* Begin PBXProject section */
		251C506F20E3E22400C066A0 /* Project object */ = {
			isa = PBXProject;
			attributes = {
				LastSwiftUpdateCheck = 0940;
				LastUpgradeCheck = 0940;
				ORGANIZATIONNAME = "Tarun Singh";
				TargetAttributes = {
					251C507620E3E22400C066A0 = {
						CreatedOnToolsVersion = 9.4;
					};
					251C508A20E3E22600C066A0 = {
						CreatedOnToolsVersion = 9.4;
						TestTargetID = 251C507620E3E22400C066A0;
					};
					251C509520E3E22600C066A0 = {
						CreatedOnToolsVersion = 9.4;
						TestTargetID = 251C507620E3E22400C066A0;
					};
				};
			};
			buildConfigurationList = 251C507220E3E22400C066A0 /* Build configuration list for PBXProject "StoreSearch" */;
			compatibilityVersion = "Xcode 9.3";
			developmentRegion = en;
			hasScannedForEncodings = 0;
			knownRegions = (
				en,
				Base,
			);
			mainGroup = 251C506E20E3E22400C066A0;
			productRefGroup = 251C507820E3E22400C066A0 /* Products */;
			projectDirPath = "";
			projectRoot = "";
			targets = (
				251C507620E3E22400C066A0 /* StoreSearch */,
				251C508A20E3E22600C066A0 /* StoreSearchTests */,
				251C509520E3E22600C066A0 /* StoreSearchUITests */,
			);
		};
/* End PBXProject section */

/* Begin PBXResourcesBuildPhase section */
		251C507520E3E22400C066A0 /* Resources */ = {
			isa = PBXResourcesBuildPhase;
			buildActionMask = 2147483647;
			files = (
				251C508520E3E22600C066A0 /* LaunchScreen.storyboard in Resources */,
				251C508220E3E22600C066A0 /* Assets.xcassets in Resources */,
				2546A9A620E520DD00057AB2 /* SearchResultCell.xib in Resources */,
				251C508020E3E22400C066A0 /* Main.storyboard in Resources */,
			);
			runOnlyForDeploymentPostprocessing = 0;
		};
		251C508920E3E22600C066A0 /* Resources */ = {
			isa = PBXResourcesBuildPhase;
			buildActionMask = 2147483647;
			files = (
			);
			runOnlyForDeploymentPostprocessing = 0;
		};
		251C509420E3E22600C066A0 /* Resources */ = {
			isa = PBXResourcesBuildPhase;
			buildActionMask = 2147483647;
			files = (
			);
			runOnlyForDeploymentPostprocessing = 0;
		};
/* End PBXResourcesBuildPhase section */

/* Begin PBXSourcesBuildPhase section */
		251C507320E3E22400C066A0 /* Sources */ = {
			isa = PBXSourcesBuildPhase;
			buildActionMask = 2147483647;
			files = (
				251C507D20E3E22400C066A0 /* SearchViewController.swift in Sources */,
				251C50A920E40DDB00C066A0 /* SearchResult.swift in Sources */,
				2546A9AA20E5254100057AB2 /* SearchResultCell.swift in Sources */,
				251C507B20E3E22400C066A0 /* AppDelegate.swift in Sources */,
			);
			runOnlyForDeploymentPostprocessing = 0;
		};
		251C508720E3E22600C066A0 /* Sources */ = {
			isa = PBXSourcesBuildPhase;
			buildActionMask = 2147483647;
			files = (
				251C509020E3E22600C066A0 /* StoreSearchTests.swift in Sources */,
			);
			runOnlyForDeploymentPostprocessing = 0;
		};
		251C509220E3E22600C066A0 /* Sources */ = {
			isa = PBXSourcesBuildPhase;
			buildActionMask = 2147483647;
			files = (
				251C509B20E3E22600C066A0 /* StoreSearchUITests.swift in Sources */,
			);
			runOnlyForDeploymentPostprocessing = 0;
		};
/* End PBXSourcesBuildPhase section */

/* Begin PBXTargetDependency section */
		251C508D20E3E22600C066A0 /* PBXTargetDependency */ = {
			isa = PBXTargetDependency;
			target = 251C507620E3E22400C066A0 /* StoreSearch */;
			targetProxy = 251C508C20E3E22600C066A0 /* PBXContainerItemProxy */;
		};
		251C509820E3E22600C066A0 /* PBXTargetDependency */ = {
			isa = PBXTargetDependency;
			target = 251C507620E3E22400C066A0 /* StoreSearch */;
			targetProxy = 251C509720E3E22600C066A0 /* PBXContainerItemProxy */;
		};
/* End PBXTargetDependency section */

/* Begin PBXVariantGroup section */
		251C507E20E3E22400C066A0 /* Main.storyboard */ = {
			isa = PBXVariantGroup;
			children = (
				251C507F20E3E22400C066A0 /* Base */,
			);
			name = Main.storyboard;
			sourceTree = "<group>";
		};
		251C508320E3E22600C066A0 /* LaunchScreen.storyboard */ = {
			isa = PBXVariantGroup;
			children = (
				251C508420E3E22600C066A0 /* Base */,
			);
			name = LaunchScreen.storyboard;
			sourceTree = "<group>";
		};
/* End PBXVariantGroup section */

/* Begin XCBuildConfiguration section */
		251C509D20E3E22600C066A0 /* Debug */ = {
			isa = XCBuildConfiguration;
			buildSettings = {
				ALWAYS_SEARCH_USER_PATHS = NO;
				CLANG_ANALYZER_NONNULL = YES;
				CLANG_ANALYZER_NUMBER_OBJECT_CONVERSION = YES_AGGRESSIVE;
				CLANG_CXX_LANGUAGE_STANDARD = "gnu++14";
				CLANG_CXX_LIBRARY = "libc++";
				CLANG_ENABLE_MODULES = YES;
				CLANG_ENABLE_OBJC_ARC = YES;
				CLANG_ENABLE_OBJC_WEAK = YES;
				CLANG_WARN_BLOCK_CAPTURE_AUTORELEASING = YES;
				CLANG_WARN_BOOL_CONVERSION = YES;
				CLANG_WARN_COMMA = YES;
				CLANG_WARN_CONSTANT_CONVERSION = YES;
				CLANG_WARN_DEPRECATED_OBJC_IMPLEMENTATIONS = YES;
				CLANG_WARN_DIRECT_OBJC_ISA_USAGE = YES_ERROR;
				CLANG_WARN_DOCUMENTATION_COMMENTS = YES;
				CLANG_WARN_EMPTY_BODY = YES;
				CLANG_WARN_ENUM_CONVERSION = YES;
				CLANG_WARN_INFINITE_RECURSION = YES;
				CLANG_WARN_INT_CONVERSION = YES;
				CLANG_WARN_NON_LITERAL_NULL_CONVERSION = YES;
				CLANG_WARN_OBJC_IMPLICIT_RETAIN_SELF = YES;
				CLANG_WARN_OBJC_LITERAL_CONVERSION = YES;
				CLANG_WARN_OBJC_ROOT_CLASS = YES_ERROR;
				CLANG_WARN_RANGE_LOOP_ANALYSIS = YES;
				CLANG_WARN_STRICT_PROTOTYPES = YES;
				CLANG_WARN_SUSPICIOUS_MOVE = YES;
				CLANG_WARN_UNGUARDED_AVAILABILITY = YES_AGGRESSIVE;
				CLANG_WARN_UNREACHABLE_CODE = YES;
				CLANG_WARN__DUPLICATE_METHOD_MATCH = YES;
				CODE_SIGN_IDENTITY = "iPhone Developer";
				COPY_PHASE_STRIP = NO;
				DEBUG_INFORMATION_FORMAT = dwarf;
				ENABLE_STRICT_OBJC_MSGSEND = YES;
				ENABLE_TESTABILITY = YES;
				GCC_C_LANGUAGE_STANDARD = gnu11;
				GCC_DYNAMIC_NO_PIC = NO;
				GCC_NO_COMMON_BLOCKS = YES;
				GCC_OPTIMIZATION_LEVEL = 0;
				GCC_PREPROCESSOR_DEFINITIONS = (
					"DEBUG=1",
					"$(inherited)",
				);
				GCC_WARN_64_TO_32_BIT_CONVERSION = YES;
				GCC_WARN_ABOUT_RETURN_TYPE = YES_ERROR;
				GCC_WARN_UNDECLARED_SELECTOR = YES;
				GCC_WARN_UNINITIALIZED_AUTOS = YES_AGGRESSIVE;
				GCC_WARN_UNUSED_FUNCTION = YES;
				GCC_WARN_UNUSED_VARIABLE = YES;
				IPHONEOS_DEPLOYMENT_TARGET = 11.4;
				MTL_ENABLE_DEBUG_INFO = YES;
				ONLY_ACTIVE_ARCH = YES;
				SDKROOT = iphoneos;
				SWIFT_ACTIVE_COMPILATION_CONDITIONS = DEBUG;
				SWIFT_OPTIMIZATION_LEVEL = "-Onone";
			};
			name = Debug;
		};
		251C509E20E3E22600C066A0 /* Release */ = {
			isa = XCBuildConfiguration;
			buildSettings = {
				ALWAYS_SEARCH_USER_PATHS = NO;
				CLANG_ANALYZER_NONNULL = YES;
				CLANG_ANALYZER_NUMBER_OBJECT_CONVERSION = YES_AGGRESSIVE;
				CLANG_CXX_LANGUAGE_STANDARD = "gnu++14";
				CLANG_CXX_LIBRARY = "libc++";
				CLANG_ENABLE_MODULES = YES;
				CLANG_ENABLE_OBJC_ARC = YES;
				CLANG_ENABLE_OBJC_WEAK = YES;
				CLANG_WARN_BLOCK_CAPTURE_AUTORELEASING = YES;
				CLANG_WARN_BOOL_CONVERSION = YES;
				CLANG_WARN_COMMA = YES;
				CLANG_WARN_CONSTANT_CONVERSION = YES;
				CLANG_WARN_DEPRECATED_OBJC_IMPLEMENTATIONS = YES;
				CLANG_WARN_DIRECT_OBJC_ISA_USAGE = YES_ERROR;
				CLANG_WARN_DOCUMENTATION_COMMENTS = YES;
				CLANG_WARN_EMPTY_BODY = YES;
				CLANG_WARN_ENUM_CONVERSION = YES;
				CLANG_WARN_INFINITE_RECURSION = YES;
				CLANG_WARN_INT_CONVERSION = YES;
				CLANG_WARN_NON_LITERAL_NULL_CONVERSION = YES;
				CLANG_WARN_OBJC_IMPLICIT_RETAIN_SELF = YES;
				CLANG_WARN_OBJC_LITERAL_CONVERSION = YES;
				CLANG_WARN_OBJC_ROOT_CLASS = YES_ERROR;
				CLANG_WARN_RANGE_LOOP_ANALYSIS = YES;
				CLANG_WARN_STRICT_PROTOTYPES = YES;
				CLANG_WARN_SUSPICIOUS_MOVE = YES;
				CLANG_WARN_UNGUARDED_AVAILABILITY = YES_AGGRESSIVE;
				CLANG_WARN_UNREACHABLE_CODE = YES;
				CLANG_WARN__DUPLICATE_METHOD_MATCH = YES;
				CODE_SIGN_IDENTITY = "iPhone Developer";
				COPY_PHASE_STRIP = NO;
				DEBUG_INFORMATION_FORMAT = "dwarf-with-dsym";
				ENABLE_NS_ASSERTIONS = NO;
				ENABLE_STRICT_OBJC_MSGSEND = YES;
				GCC_C_LANGUAGE_STANDARD = gnu11;
				GCC_NO_COMMON_BLOCKS = YES;
				GCC_WARN_64_TO_32_BIT_CONVERSION = YES;
				GCC_WARN_ABOUT_RETURN_TYPE = YES_ERROR;
				GCC_WARN_UNDECLARED_SELECTOR = YES;
				GCC_WARN_UNINITIALIZED_AUTOS = YES_AGGRESSIVE;
				GCC_WARN_UNUSED_FUNCTION = YES;
				GCC_WARN_UNUSED_VARIABLE = YES;
				IPHONEOS_DEPLOYMENT_TARGET = 11.4;
				MTL_ENABLE_DEBUG_INFO = NO;
				SDKROOT = iphoneos;
				SWIFT_COMPILATION_MODE = wholemodule;
				SWIFT_OPTIMIZATION_LEVEL = "-O";
				VALIDATE_PRODUCT = YES;
			};
			name = Release;
		};
		251C50A020E3E22600C066A0 /* Debug */ = {
			isa = XCBuildConfiguration;
			buildSettings = {
				ASSETCATALOG_COMPILER_APPICON_NAME = AppIcon;
				CODE_SIGN_STYLE = Automatic;
				DEVELOPMENT_TEAM = QHK3FYD7ZZ;
				INFOPLIST_FILE = StoreSearch/Info.plist;
				LD_RUNPATH_SEARCH_PATHS = (
					"$(inherited)",
					"@executable_path/Frameworks",
				);
				PRODUCT_BUNDLE_IDENTIFIER = com.tarunsearch.StoreSearch;
				PRODUCT_NAME = "$(TARGET_NAME)";
				SWIFT_VERSION = 4.0;
				TARGETED_DEVICE_FAMILY = "1,2";
			};
			name = Debug;
		};
		251C50A120E3E22600C066A0 /* Release */ = {
			isa = XCBuildConfiguration;
			buildSettings = {
				ASSETCATALOG_COMPILER_APPICON_NAME = AppIcon;
				CODE_SIGN_STYLE = Automatic;
				DEVELOPMENT_TEAM = QHK3FYD7ZZ;
				INFOPLIST_FILE = StoreSearch/Info.plist;
				LD_RUNPATH_SEARCH_PATHS = (
					"$(inherited)",
					"@executable_path/Frameworks",
				);
				PRODUCT_BUNDLE_IDENTIFIER = com.tarunsearch.StoreSearch;
				PRODUCT_NAME = "$(TARGET_NAME)";
				SWIFT_VERSION = 4.0;
				TARGETED_DEVICE_FAMILY = "1,2";
			};
			name = Release;
		};
		251C50A320E3E22600C066A0 /* Debug */ = {
			isa = XCBuildConfiguration;
			buildSettings = {
				ALWAYS_EMBED_SWIFT_STANDARD_LIBRARIES = YES;
				BUNDLE_LOADER = "$(TEST_HOST)";
				CODE_SIGN_STYLE = Automatic;
				DEVELOPMENT_TEAM = QHK3FYD7ZZ;
				INFOPLIST_FILE = StoreSearchTests/Info.plist;
				LD_RUNPATH_SEARCH_PATHS = (
					"$(inherited)",
					"@executable_path/Frameworks",
					"@loader_path/Frameworks",
				);
				PRODUCT_BUNDLE_IDENTIFIER = com.tarunsearch.StoreSearchTests;
				PRODUCT_NAME = "$(TARGET_NAME)";
				SWIFT_VERSION = 4.0;
				TARGETED_DEVICE_FAMILY = "1,2";
				TEST_HOST = "$(BUILT_PRODUCTS_DIR)/StoreSearch.app/StoreSearch";
			};
			name = Debug;
		};
		251C50A420E3E22600C066A0 /* Release */ = {
			isa = XCBuildConfiguration;
			buildSettings = {
				ALWAYS_EMBED_SWIFT_STANDARD_LIBRARIES = YES;
				BUNDLE_LOADER = "$(TEST_HOST)";
				CODE_SIGN_STYLE = Automatic;
				DEVELOPMENT_TEAM = QHK3FYD7ZZ;
				INFOPLIST_FILE = StoreSearchTests/Info.plist;
				LD_RUNPATH_SEARCH_PATHS = (
					"$(inherited)",
					"@executable_path/Frameworks",
					"@loader_path/Frameworks",
				);
				PRODUCT_BUNDLE_IDENTIFIER = com.tarunsearch.StoreSearchTests;
				PRODUCT_NAME = "$(TARGET_NAME)";
				SWIFT_VERSION = 4.0;
				TARGETED_DEVICE_FAMILY = "1,2";
				TEST_HOST = "$(BUILT_PRODUCTS_DIR)/StoreSearch.app/StoreSearch";
			};
			name = Release;
		};
		251C50A620E3E22600C066A0 /* Debug */ = {
			isa = XCBuildConfiguration;
			buildSettings = {
				ALWAYS_EMBED_SWIFT_STANDARD_LIBRARIES = YES;
				CODE_SIGN_STYLE = Automatic;
				DEVELOPMENT_TEAM = QHK3FYD7ZZ;
				INFOPLIST_FILE = StoreSearchUITests/Info.plist;
				LD_RUNPATH_SEARCH_PATHS = (
					"$(inherited)",
					"@executable_path/Frameworks",
					"@loader_path/Frameworks",
				);
				PRODUCT_BUNDLE_IDENTIFIER = com.tarunsearch.StoreSearchUITests;
				PRODUCT_NAME = "$(TARGET_NAME)";
				SWIFT_VERSION = 4.0;
				TARGETED_DEVICE_FAMILY = "1,2";
				TEST_TARGET_NAME = StoreSearch;
			};
			name = Debug;
		};
		251C50A720E3E22600C066A0 /* Release */ = {
			isa = XCBuildConfiguration;
			buildSettings = {
				ALWAYS_EMBED_SWIFT_STANDARD_LIBRARIES = YES;
				CODE_SIGN_STYLE = Automatic;
				DEVELOPMENT_TEAM = QHK3FYD7ZZ;
				INFOPLIST_FILE = StoreSearchUITests/Info.plist;
				LD_RUNPATH_SEARCH_PATHS = (
					"$(inherited)",
					"@executable_path/Frameworks",
					"@loader_path/Frameworks",
				);
				PRODUCT_BUNDLE_IDENTIFIER = com.tarunsearch.StoreSearchUITests;
				PRODUCT_NAME = "$(TARGET_NAME)";
				SWIFT_VERSION = 4.0;
				TARGETED_DEVICE_FAMILY = "1,2";
				TEST_TARGET_NAME = StoreSearch;
			};
			name = Release;
		};
/* End XCBuildConfiguration section */

/* Begin XCConfigurationList section */
		251C507220E3E22400C066A0 /* Build configuration list for PBXProject "StoreSearch" */ = {
			isa = XCConfigurationList;
			buildConfigurations = (
				251C509D20E3E22600C066A0 /* Debug */,
				251C509E20E3E22600C066A0 /* Release */,
			);
			defaultConfigurationIsVisible = 0;
			defaultConfigurationName = Release;
		};
		251C509F20E3E22600C066A0 /* Build configuration list for PBXNativeTarget "StoreSearch" */ = {
			isa = XCConfigurationList;
			buildConfigurations = (
				251C50A020E3E22600C066A0 /* Debug */,
				251C50A120E3E22600C066A0 /* Release */,
			);
			defaultConfigurationIsVisible = 0;
			defaultConfigurationName = Release;
		};
		251C50A220E3E22600C066A0 /* Build configuration list for PBXNativeTarget "StoreSearchTests" */ = {
			isa = XCConfigurationList;
			buildConfigurations = (
				251C50A320E3E22600C066A0 /* Debug */,
				251C50A420E3E22600C066A0 /* Release */,
			);
			defaultConfigurationIsVisible = 0;
			defaultConfigurationName = Release;
		};
		251C50A520E3E22600C066A0 /* Build configuration list for PBXNativeTarget "StoreSearchUITests" */ = {
			isa = XCConfigurationList;
			buildConfigurations = (
				251C50A620E3E22600C066A0 /* Debug */,
				251C50A720E3E22600C066A0 /* Release */,
			);
			defaultConfigurationIsVisible = 0;
			defaultConfigurationName = Release;
		};
/* End XCConfigurationList section */
	};
	rootObject = 251C506F20E3E22400C066A0 /* Project object */;
}
